// !$*UTF8*$!
{
	archiveVersion = 1;
	classes = {
	};
	objectVersion = 51;
	objects = {

/* Begin PBXBuildFile section */
		1C4EC2443127CE745DDF6BB3 /* Pods_InfuApp.framework in Frameworks */ = {isa = PBXBuildFile; fileRef = D0C596BE3285886278A788DB /* Pods_InfuApp.framework */; };
		B70432C125090D5600DF2F22 /* HomeMenu.storyboard in Resources */ = {isa = PBXBuildFile; fileRef = B70432C025090D5600DF2F22 /* HomeMenu.storyboard */; };
		B735C36E25091C6300895083 /* CellHomeMenu.xib in Resources */ = {isa = PBXBuildFile; fileRef = B735C36D25091C6300895083 /* CellHomeMenu.xib */; };
		B735C3702509254E00895083 /* Catalogue.storyboard in Resources */ = {isa = PBXBuildFile; fileRef = B735C36F2509254E00895083 /* Catalogue.storyboard */; };
		B735C375250A386200895083 /* Detail.storyboard in Resources */ = {isa = PBXBuildFile; fileRef = B735C374250A386200895083 /* Detail.storyboard */; };
		B7446FE62508DA9700F968D1 /* AppDelegate.swift in Sources */ = {isa = PBXBuildFile; fileRef = B7446FE52508DA9700F968D1 /* AppDelegate.swift */; };
		B7446FE82508DA9700F968D1 /* SceneDelegate.swift in Sources */ = {isa = PBXBuildFile; fileRef = B7446FE72508DA9700F968D1 /* SceneDelegate.swift */; };
		B7446FEA2508DA9700F968D1 /* ViewController.swift in Sources */ = {isa = PBXBuildFile; fileRef = B7446FE92508DA9700F968D1 /* ViewController.swift */; };
		B7446FED2508DA9700F968D1 /* Splash.storyboard in Resources */ = {isa = PBXBuildFile; fileRef = B7446FEB2508DA9700F968D1 /* Splash.storyboard */; };
		B7446FEF2508DA9A00F968D1 /* Assets.xcassets in Resources */ = {isa = PBXBuildFile; fileRef = B7446FEE2508DA9A00F968D1 /* Assets.xcassets */; };
		B7446FF22508DA9A00F968D1 /* LaunchScreen.storyboard in Resources */ = {isa = PBXBuildFile; fileRef = B7446FF02508DA9A00F968D1 /* LaunchScreen.storyboard */; };
		B74470012508DD6400F968D1 /* Colors.xcassets in Resources */ = {isa = PBXBuildFile; fileRef = B74470002508DD6400F968D1 /* Colors.xcassets */; };
		B78C14B7250A8F2700C16738 /* CellHomeMenu.swift in Sources */ = {isa = PBXBuildFile; fileRef = B78C14B6250A8F2700C16738 /* CellHomeMenu.swift */; };
		B78C14BA250A93DE00C16738 /* DataHomeMenu.swift in Sources */ = {isa = PBXBuildFile; fileRef = B78C14B9250A93DE00C16738 /* DataHomeMenu.swift */; };
		B78FF7842513E97A00E03C63 /* JsonSampleData.json in Sources */ = {isa = PBXBuildFile; fileRef = B78FF7832513E97A00E03C63 /* JsonSampleData.json */; };
		B7AA93DE2510100200AB3AAD /* CatalogueViewController.swift in Sources */ = {isa = PBXBuildFile; fileRef = B7AA93DD2510100200AB3AAD /* CatalogueViewController.swift */; };
		B7AA93E02510D00300AB3AAD /* CatalogueListViewModel.swift in Sources */ = {isa = PBXBuildFile; fileRef = B7AA93DF2510D00300AB3AAD /* CatalogueListViewModel.swift */; };
		B7AA93E42510D09F00AB3AAD /* DataCatalogue.swift in Sources */ = {isa = PBXBuildFile; fileRef = B7AA93E32510D09F00AB3AAD /* DataCatalogue.swift */; };
		B7AA93E62510ED1F00AB3AAD /* HomeMenuViewController.swift in Sources */ = {isa = PBXBuildFile; fileRef = B7AA93E52510ED1F00AB3AAD /* HomeMenuViewController.swift */; };
		B7AA93E82510EDDB00AB3AAD /* CatalogueCell.swift in Sources */ = {isa = PBXBuildFile; fileRef = B7AA93E72510EDDB00AB3AAD /* CatalogueCell.swift */; };
		B7AA93EA2511079C00AB3AAD /* DetailViewController.swift in Sources */ = {isa = PBXBuildFile; fileRef = B7AA93E92511079C00AB3AAD /* DetailViewController.swift */; };
		B7AA93EC2511080900AB3AAD /* DetailViewModel.swift in Sources */ = {isa = PBXBuildFile; fileRef = B7AA93EB2511080900AB3AAD /* DetailViewModel.swift */; };
		B7AA93EE251108FD00AB3AAD /* DataDetail.swift in Sources */ = {isa = PBXBuildFile; fileRef = B7AA93ED251108FD00AB3AAD /* DataDetail.swift */; };
		B7AA93F02511110400AB3AAD /* SampleData.json in Sources */ = {isa = PBXBuildFile; fileRef = B7AA93EF2511110400AB3AAD /* SampleData.json */; };
		B7E030E0251009F200BA69AD /* Enums.swift in Sources */ = {isa = PBXBuildFile; fileRef = B7E030DF251009F200BA69AD /* Enums.swift */; };
		B7FF5F86250A765B00042E25 /* SplashViewController.swift in Sources */ = {isa = PBXBuildFile; fileRef = B7FF5F85250A765B00042E25 /* SplashViewController.swift */; };
		B7FF5F88250A76AA00042E25 /* SplashViewModel.swift in Sources */ = {isa = PBXBuildFile; fileRef = B7FF5F87250A76AA00042E25 /* SplashViewModel.swift */; };
		B7FF5F90250A865F00042E25 /* HomeMenuViewModel.swift in Sources */ = {isa = PBXBuildFile; fileRef = B7FF5F8F250A865F00042E25 /* HomeMenuViewModel.swift */; };
/* End PBXBuildFile section */

/* Begin PBXFileReference section */
		471F88E01368888FB406A014 /* Pods-InfuApp.release.xcconfig */ = {isa = PBXFileReference; includeInIndex = 1; lastKnownFileType = text.xcconfig; name = "Pods-InfuApp.release.xcconfig"; path = "Target Support Files/Pods-InfuApp/Pods-InfuApp.release.xcconfig"; sourceTree = "<group>"; };
		6316117FA0C81E0434FD443A /* Pods-InfuApp.debug.xcconfig */ = {isa = PBXFileReference; includeInIndex = 1; lastKnownFileType = text.xcconfig; name = "Pods-InfuApp.debug.xcconfig"; path = "Target Support Files/Pods-InfuApp/Pods-InfuApp.debug.xcconfig"; sourceTree = "<group>"; };
		B70432C025090D5600DF2F22 /* HomeMenu.storyboard */ = {isa = PBXFileReference; lastKnownFileType = file.storyboard; path = HomeMenu.storyboard; sourceTree = "<group>"; };
		B735C36D25091C6300895083 /* CellHomeMenu.xib */ = {isa = PBXFileReference; lastKnownFileType = file.xib; path = CellHomeMenu.xib; sourceTree = "<group>"; };
		B735C36F2509254E00895083 /* Catalogue.storyboard */ = {isa = PBXFileReference; lastKnownFileType = file.storyboard; path = Catalogue.storyboard; sourceTree = "<group>"; };
		B735C374250A386200895083 /* Detail.storyboard */ = {isa = PBXFileReference; lastKnownFileType = file.storyboard; path = Detail.storyboard; sourceTree = "<group>"; };
		B7446FE22508DA9700F968D1 /* InfuApp.app */ = {isa = PBXFileReference; explicitFileType = wrapper.application; includeInIndex = 0; path = InfuApp.app; sourceTree = BUILT_PRODUCTS_DIR; };
		B7446FE52508DA9700F968D1 /* AppDelegate.swift */ = {isa = PBXFileReference; lastKnownFileType = sourcecode.swift; path = AppDelegate.swift; sourceTree = "<group>"; };
		B7446FE72508DA9700F968D1 /* SceneDelegate.swift */ = {isa = PBXFileReference; lastKnownFileType = sourcecode.swift; path = SceneDelegate.swift; sourceTree = "<group>"; };
		B7446FE92508DA9700F968D1 /* ViewController.swift */ = {isa = PBXFileReference; lastKnownFileType = sourcecode.swift; path = ViewController.swift; sourceTree = "<group>"; };
		B7446FEC2508DA9700F968D1 /* Base */ = {isa = PBXFileReference; lastKnownFileType = file.storyboard; name = Base; path = Base.lproj/Splash.storyboard; sourceTree = "<group>"; };
		B7446FEE2508DA9A00F968D1 /* Assets.xcassets */ = {isa = PBXFileReference; lastKnownFileType = folder.assetcatalog; path = Assets.xcassets; sourceTree = "<group>"; };
		B7446FF12508DA9A00F968D1 /* Base */ = {isa = PBXFileReference; lastKnownFileType = file.storyboard; name = Base; path = Base.lproj/LaunchScreen.storyboard; sourceTree = "<group>"; };
		B7446FF32508DA9A00F968D1 /* Info.plist */ = {isa = PBXFileReference; lastKnownFileType = text.plist.xml; path = Info.plist; sourceTree = "<group>"; };
		B74470002508DD6400F968D1 /* Colors.xcassets */ = {isa = PBXFileReference; lastKnownFileType = folder.assetcatalog; path = Colors.xcassets; sourceTree = "<group>"; };
		B78C14B6250A8F2700C16738 /* CellHomeMenu.swift */ = {isa = PBXFileReference; lastKnownFileType = sourcecode.swift; path = CellHomeMenu.swift; sourceTree = "<group>"; };
		B78C14B9250A93DE00C16738 /* DataHomeMenu.swift */ = {isa = PBXFileReference; lastKnownFileType = sourcecode.swift; path = DataHomeMenu.swift; sourceTree = "<group>"; };
		B78FF7832513E97A00E03C63 /* JsonSampleData.json */ = {isa = PBXFileReference; lastKnownFileType = text.json; path = JsonSampleData.json; sourceTree = "<group>"; };
		B7AA93DD2510100200AB3AAD /* CatalogueViewController.swift */ = {isa = PBXFileReference; lastKnownFileType = sourcecode.swift; path = CatalogueViewController.swift; sourceTree = "<group>"; };
		B7AA93DF2510D00300AB3AAD /* CatalogueListViewModel.swift */ = {isa = PBXFileReference; lastKnownFileType = sourcecode.swift; path = CatalogueListViewModel.swift; sourceTree = "<group>"; };
		B7AA93E32510D09F00AB3AAD /* DataCatalogue.swift */ = {isa = PBXFileReference; lastKnownFileType = sourcecode.swift; path = DataCatalogue.swift; sourceTree = "<group>"; };
		B7AA93E52510ED1F00AB3AAD /* HomeMenuViewController.swift */ = {isa = PBXFileReference; fileEncoding = 4; lastKnownFileType = sourcecode.swift; path = HomeMenuViewController.swift; sourceTree = "<group>"; };
		B7AA93E72510EDDB00AB3AAD /* CatalogueCell.swift */ = {isa = PBXFileReference; lastKnownFileType = sourcecode.swift; path = CatalogueCell.swift; sourceTree = "<group>"; };
		B7AA93E92511079C00AB3AAD /* DetailViewController.swift */ = {isa = PBXFileReference; lastKnownFileType = sourcecode.swift; path = DetailViewController.swift; sourceTree = "<group>"; };
		B7AA93EB2511080900AB3AAD /* DetailViewModel.swift */ = {isa = PBXFileReference; lastKnownFileType = sourcecode.swift; path = DetailViewModel.swift; sourceTree = "<group>"; };
		B7AA93ED251108FD00AB3AAD /* DataDetail.swift */ = {isa = PBXFileReference; lastKnownFileType = sourcecode.swift; path = DataDetail.swift; sourceTree = "<group>"; };
		B7AA93EF2511110400AB3AAD /* SampleData.json */ = {isa = PBXFileReference; lastKnownFileType = text.json; path = SampleData.json; sourceTree = "<group>"; };
		B7E030DF251009F200BA69AD /* Enums.swift */ = {isa = PBXFileReference; lastKnownFileType = sourcecode.swift; path = Enums.swift; sourceTree = "<group>"; };
		B7FF5F85250A765B00042E25 /* SplashViewController.swift */ = {isa = PBXFileReference; lastKnownFileType = sourcecode.swift; path = SplashViewController.swift; sourceTree = "<group>"; };
		B7FF5F87250A76AA00042E25 /* SplashViewModel.swift */ = {isa = PBXFileReference; lastKnownFileType = sourcecode.swift; path = SplashViewModel.swift; sourceTree = "<group>"; };
		B7FF5F8F250A865F00042E25 /* HomeMenuViewModel.swift */ = {isa = PBXFileReference; lastKnownFileType = sourcecode.swift; path = HomeMenuViewModel.swift; sourceTree = "<group>"; };
		D0C596BE3285886278A788DB /* Pods_InfuApp.framework */ = {isa = PBXFileReference; explicitFileType = wrapper.framework; includeInIndex = 0; path = Pods_InfuApp.framework; sourceTree = BUILT_PRODUCTS_DIR; };
/* End PBXFileReference section */

/* Begin PBXFrameworksBuildPhase section */
		B7446FDF2508DA9700F968D1 /* Frameworks */ = {
			isa = PBXFrameworksBuildPhase;
			buildActionMask = 2147483647;
			files = (
				1C4EC2443127CE745DDF6BB3 /* Pods_InfuApp.framework in Frameworks */,
			);
			runOnlyForDeploymentPostprocessing = 0;
		};
/* End PBXFrameworksBuildPhase section */

/* Begin PBXGroup section */
		9452717479AA45D277778FEE /* Frameworks */ = {
			isa = PBXGroup;
			children = (
				D0C596BE3285886278A788DB /* Pods_InfuApp.framework */,
			);
			name = Frameworks;
			sourceTree = "<group>";
		};
		B735C36C25091C0E00895083 /* Home Menu Cells */ = {
			isa = PBXGroup;
			children = (
				B735C36D25091C6300895083 /* CellHomeMenu.xib */,
				B78C14B6250A8F2700C16738 /* CellHomeMenu.swift */,
			);
			path = "Home Menu Cells";
			sourceTree = "<group>";
		};
		B735C371250927AE00895083 /* Catalogue Cell */ = {
			isa = PBXGroup;
			children = (
				B7AA93E72510EDDB00AB3AAD /* CatalogueCell.swift */,
			);
			path = "Catalogue Cell";
			sourceTree = "<group>";
		};
		B7446FD92508DA9700F968D1 = {
			isa = PBXGroup;
			children = (
				B7446FE42508DA9700F968D1 /* InfuApp */,
				B7446FE32508DA9700F968D1 /* Products */,
				CE99FB71F92B5CA43B5781DC /* Pods */,
				9452717479AA45D277778FEE /* Frameworks */,
			);
			sourceTree = "<group>";
		};
		B7446FE32508DA9700F968D1 /* Products */ = {
			isa = PBXGroup;
			children = (
				B7446FE22508DA9700F968D1 /* InfuApp.app */,
			);
			name = Products;
			sourceTree = "<group>";
		};
		B7446FE42508DA9700F968D1 /* InfuApp */ = {
			isa = PBXGroup;
			children = (
				B7446FF92508DABF00F968D1 /* App */,
				B78C14B8250A93CB00C16738 /* Data */,
				B7446FFA2508DAD600F968D1 /* Features */,
				B7446FF32508DA9A00F968D1 /* Info.plist */,
				B7446FF02508DA9A00F968D1 /* LaunchScreen.storyboard */,
				B7446FFF2508DD4900F968D1 /* Resources */,
				B7446FE92508DA9700F968D1 /* ViewController.swift */,
			);
			path = InfuApp;
			sourceTree = "<group>";
		};
		B7446FF92508DABF00F968D1 /* App */ = {
			isa = PBXGroup;
			children = (
				B7446FE72508DA9700F968D1 /* SceneDelegate.swift */,
				B7446FE52508DA9700F968D1 /* AppDelegate.swift */,
			);
			path = App;
			sourceTree = "<group>";
		};
		B7446FFA2508DAD600F968D1 /* Features */ = {
			isa = PBXGroup;
			children = (
				B7446FFE2508DD3A00F968D1 /* 0. Splash */,
				B7446FFB2508DB5D00F968D1 /* 1. HomeMenu */,
				B7446FFC2508DD2100F968D1 /* 2. Catalogue */,
				B7446FFD2508DD2C00F968D1 /* 3. Detail */,
			);
			path = Features;
			sourceTree = "<group>";
		};
		B7446FFB2508DB5D00F968D1 /* 1. HomeMenu */ = {
			isa = PBXGroup;
			children = (
				B7AA93E52510ED1F00AB3AAD /* HomeMenuViewController.swift */,
				B70432C025090D5600DF2F22 /* HomeMenu.storyboard */,
				B7FF5F8F250A865F00042E25 /* HomeMenuViewModel.swift */,
				B735C36C25091C0E00895083 /* Home Menu Cells */,
			);
			path = "1. HomeMenu";
			sourceTree = "<group>";
		};
		B7446FFC2508DD2100F968D1 /* 2. Catalogue */ = {
			isa = PBXGroup;
			children = (
				B7AA93DF2510D00300AB3AAD /* CatalogueListViewModel.swift */,
				B735C36F2509254E00895083 /* Catalogue.storyboard */,
				B7AA93DD2510100200AB3AAD /* CatalogueViewController.swift */,
				B735C371250927AE00895083 /* Catalogue Cell */,
			);
			path = "2. Catalogue";
			sourceTree = "<group>";
		};
		B7446FFD2508DD2C00F968D1 /* 3. Detail */ = {
			isa = PBXGroup;
			children = (
				B735C374250A386200895083 /* Detail.storyboard */,
				B7AA93E92511079C00AB3AAD /* DetailViewController.swift */,
				B7AA93EB2511080900AB3AAD /* DetailViewModel.swift */,
			);
			path = "3. Detail";
			sourceTree = "<group>";
		};
		B7446FFE2508DD3A00F968D1 /* 0. Splash */ = {
			isa = PBXGroup;
			children = (
				B7446FEB2508DA9700F968D1 /* Splash.storyboard */,
				B7FF5F85250A765B00042E25 /* SplashViewController.swift */,
				B7FF5F87250A76AA00042E25 /* SplashViewModel.swift */,
			);
			path = "0. Splash";
			sourceTree = "<group>";
		};
		B7446FFF2508DD4900F968D1 /* Resources */ = {
			isa = PBXGroup;
			children = (
				B7446FEE2508DA9A00F968D1 /* Assets.xcassets */,
				B74470002508DD6400F968D1 /* Colors.xcassets */,
			);
			path = Resources;
			sourceTree = "<group>";
		};
		B78C14B8250A93CB00C16738 /* Data */ = {
			isa = PBXGroup;
			children = (
				B78C14B9250A93DE00C16738 /* DataHomeMenu.swift */,
				B7E030DF251009F200BA69AD /* Enums.swift */,
				B7AA93E32510D09F00AB3AAD /* DataCatalogue.swift */,
				B7AA93ED251108FD00AB3AAD /* DataDetail.swift */,
				B7AA93EF2511110400AB3AAD /* SampleData.json */,
				B78FF7832513E97A00E03C63 /* JsonSampleData.json */,
			);
			path = Data;
			sourceTree = "<group>";
		};
		CE99FB71F92B5CA43B5781DC /* Pods */ = {
			isa = PBXGroup;
			children = (
				6316117FA0C81E0434FD443A /* Pods-InfuApp.debug.xcconfig */,
				471F88E01368888FB406A014 /* Pods-InfuApp.release.xcconfig */,
			);
			path = Pods;
			sourceTree = "<group>";
		};
/* End PBXGroup section */

/* Begin PBXNativeTarget section */
		B7446FE12508DA9700F968D1 /* InfuApp */ = {
			isa = PBXNativeTarget;
			buildConfigurationList = B7446FF62508DA9A00F968D1 /* Build configuration list for PBXNativeTarget "InfuApp" */;
			buildPhases = (
				FDEA7F50C943F50E9132AF2C /* [CP] Check Pods Manifest.lock */,
				B7446FDE2508DA9700F968D1 /* Sources */,
				B7446FDF2508DA9700F968D1 /* Frameworks */,
				B7446FE02508DA9700F968D1 /* Resources */,
				772F2CDBC0CA712814B068E4 /* [CP] Embed Pods Frameworks */,
			);
			buildRules = (
			);
			dependencies = (
			);
			name = InfuApp;
			productName = InfuApp;
			productReference = B7446FE22508DA9700F968D1 /* InfuApp.app */;
			productType = "com.apple.product-type.application";
		};
/* End PBXNativeTarget section */

/* Begin PBXProject section */
		B7446FDA2508DA9700F968D1 /* Project object */ = {
			isa = PBXProject;
			attributes = {
				LastSwiftUpdateCheck = 1170;
				LastUpgradeCheck = 1170;
				ORGANIZATIONNAME = "Alicia Moreno Alvarez";
				TargetAttributes = {
					B7446FE12508DA9700F968D1 = {
						CreatedOnToolsVersion = 11.7;
					};
				};
			};
			buildConfigurationList = B7446FDD2508DA9700F968D1 /* Build configuration list for PBXProject "InfuApp" */;
			compatibilityVersion = "Xcode 9.3";
			developmentRegion = en;
			hasScannedForEncodings = 0;
			knownRegions = (
				en,
				Base,
			);
			mainGroup = B7446FD92508DA9700F968D1;
			productRefGroup = B7446FE32508DA9700F968D1 /* Products */;
			projectDirPath = "";
			projectRoot = "";
			targets = (
				B7446FE12508DA9700F968D1 /* InfuApp */,
			);
		};
/* End PBXProject section */

/* Begin PBXResourcesBuildPhase section */
		B7446FE02508DA9700F968D1 /* Resources */ = {
			isa = PBXResourcesBuildPhase;
			buildActionMask = 2147483647;
			files = (
				B735C36E25091C6300895083 /* CellHomeMenu.xib in Resources */,
				B7446FF22508DA9A00F968D1 /* LaunchScreen.storyboard in Resources */,
				B735C375250A386200895083 /* Detail.storyboard in Resources */,
				B74470012508DD6400F968D1 /* Colors.xcassets in Resources */,
				B7446FEF2508DA9A00F968D1 /* Assets.xcassets in Resources */,
				B70432C125090D5600DF2F22 /* HomeMenu.storyboard in Resources */,
				B7446FED2508DA9700F968D1 /* Splash.storyboard in Resources */,
				B735C3702509254E00895083 /* Catalogue.storyboard in Resources */,
			);
			runOnlyForDeploymentPostprocessing = 0;
		};
/* End PBXResourcesBuildPhase section */

/* Begin PBXShellScriptBuildPhase section */
		772F2CDBC0CA712814B068E4 /* [CP] Embed Pods Frameworks */ = {
			isa = PBXShellScriptBuildPhase;
			buildActionMask = 2147483647;
			files = (
			);
			inputFileListPaths = (
				"${PODS_ROOT}/Target Support Files/Pods-InfuApp/Pods-InfuApp-frameworks-${CONFIGURATION}-input-files.xcfilelist",
			);
			name = "[CP] Embed Pods Frameworks";
			outputFileListPaths = (
				"${PODS_ROOT}/Target Support Files/Pods-InfuApp/Pods-InfuApp-frameworks-${CONFIGURATION}-output-files.xcfilelist",
			);
			runOnlyForDeploymentPostprocessing = 0;
			shellPath = /bin/sh;
			shellScript = "\"${PODS_ROOT}/Target Support Files/Pods-InfuApp/Pods-InfuApp-frameworks.sh\"\n";
			showEnvVarsInLog = 0;
		};
		FDEA7F50C943F50E9132AF2C /* [CP] Check Pods Manifest.lock */ = {
			isa = PBXShellScriptBuildPhase;
			buildActionMask = 2147483647;
			files = (
			);
			inputFileListPaths = (
			);
			inputPaths = (
				"${PODS_PODFILE_DIR_PATH}/Podfile.lock",
				"${PODS_ROOT}/Manifest.lock",
			);
			name = "[CP] Check Pods Manifest.lock";
			outputFileListPaths = (
			);
			outputPaths = (
				"$(DERIVED_FILE_DIR)/Pods-InfuApp-checkManifestLockResult.txt",
			);
			runOnlyForDeploymentPostprocessing = 0;
			shellPath = /bin/sh;
			shellScript = "diff \"${PODS_PODFILE_DIR_PATH}/Podfile.lock\" \"${PODS_ROOT}/Manifest.lock\" > /dev/null\nif [ $? != 0 ] ; then\n    # print error to STDERR\n    echo \"error: The sandbox is not in sync with the Podfile.lock. Run 'pod install' or update your CocoaPods installation.\" >&2\n    exit 1\nfi\n# This output is used by Xcode 'outputs' to avoid re-running this script phase.\necho \"SUCCESS\" > \"${SCRIPT_OUTPUT_FILE_0}\"\n";
			showEnvVarsInLog = 0;
		};
/* End PBXShellScriptBuildPhase section */

/* Begin PBXSourcesBuildPhase section */
		B7446FDE2508DA9700F968D1 /* Sources */ = {
			isa = PBXSourcesBuildPhase;
			buildActionMask = 2147483647;
			files = (
				B7AA93EE251108FD00AB3AAD /* DataDetail.swift in Sources */,
				B7AA93EA2511079C00AB3AAD /* DetailViewController.swift in Sources */,
				B7AA93EC2511080900AB3AAD /* DetailViewModel.swift in Sources */,
				B7E030E0251009F200BA69AD /* Enums.swift in Sources */,
				B78FF7842513E97A00E03C63 /* JsonSampleData.json in Sources */,
				B7FF5F88250A76AA00042E25 /* SplashViewModel.swift in Sources */,
				B7AA93E42510D09F00AB3AAD /* DataCatalogue.swift in Sources */,
				B7FF5F90250A865F00042E25 /* HomeMenuViewModel.swift in Sources */,
				B78C14BA250A93DE00C16738 /* DataHomeMenu.swift in Sources */,
				B7446FEA2508DA9700F968D1 /* ViewController.swift in Sources */,
				B7446FE62508DA9700F968D1 /* AppDelegate.swift in Sources */,
				B7AA93F02511110400AB3AAD /* SampleData.json in Sources */,
				B7FF5F86250A765B00042E25 /* SplashViewController.swift in Sources */,
				B7AA93E02510D00300AB3AAD /* CatalogueListViewModel.swift in Sources */,
				B7446FE82508DA9700F968D1 /* SceneDelegate.swift in Sources */,
				B78C14B7250A8F2700C16738 /* CellHomeMenu.swift in Sources */,
				B7AA93DE2510100200AB3AAD /* CatalogueViewController.swift in Sources */,
				B7AA93E62510ED1F00AB3AAD /* HomeMenuViewController.swift in Sources */,
				B7AA93E82510EDDB00AB3AAD /* CatalogueCell.swift in Sources */,
			);
			runOnlyForDeploymentPostprocessing = 0;
		};
/* End PBXSourcesBuildPhase section */

/* Begin PBXVariantGroup section */
		B7446FEB2508DA9700F968D1 /* Splash.storyboard */ = {
			isa = PBXVariantGroup;
			children = (
				B7446FEC2508DA9700F968D1 /* Base */,
			);
			name = Splash.storyboard;
			sourceTree = "<group>";
		};
		B7446FF02508DA9A00F968D1 /* LaunchScreen.storyboard */ = {
			isa = PBXVariantGroup;
			children = (
				B7446FF12508DA9A00F968D1 /* Base */,
			);
			name = LaunchScreen.storyboard;
			sourceTree = "<group>";
		};
/* End PBXVariantGroup section */

/* Begin XCBuildConfiguration section */
		B7446FF42508DA9A00F968D1 /* Debug */ = {
			isa = XCBuildConfiguration;
			buildSettings = {
				ALWAYS_SEARCH_USER_PATHS = NO;
				CLANG_ANALYZER_NONNULL = YES;
				CLANG_ANALYZER_NUMBER_OBJECT_CONVERSION = YES_AGGRESSIVE;
				CLANG_CXX_LANGUAGE_STANDARD = "gnu++14";
				CLANG_CXX_LIBRARY = "libc++";
				CLANG_ENABLE_MODULES = YES;
				CLANG_ENABLE_OBJC_ARC = YES;
				CLANG_ENABLE_OBJC_WEAK = YES;
				CLANG_WARN_BLOCK_CAPTURE_AUTORELEASING = YES;
				CLANG_WARN_BOOL_CONVERSION = YES;
				CLANG_WARN_COMMA = YES;
				CLANG_WARN_CONSTANT_CONVERSION = YES;
				CLANG_WARN_DEPRECATED_OBJC_IMPLEMENTATIONS = YES;
				CLANG_WARN_DIRECT_OBJC_ISA_USAGE = YES_ERROR;
				CLANG_WARN_DOCUMENTATION_COMMENTS = YES;
				CLANG_WARN_EMPTY_BODY = YES;
				CLANG_WARN_ENUM_CONVERSION = YES;
				CLANG_WARN_INFINITE_RECURSION = YES;
				CLANG_WARN_INT_CONVERSION = YES;
				CLANG_WARN_NON_LITERAL_NULL_CONVERSION = YES;
				CLANG_WARN_OBJC_IMPLICIT_RETAIN_SELF = YES;
				CLANG_WARN_OBJC_LITERAL_CONVERSION = YES;
				CLANG_WARN_OBJC_ROOT_CLASS = YES_ERROR;
				CLANG_WARN_RANGE_LOOP_ANALYSIS = YES;
				CLANG_WARN_STRICT_PROTOTYPES = YES;
				CLANG_WARN_SUSPICIOUS_MOVE = YES;
				CLANG_WARN_UNGUARDED_AVAILABILITY = YES_AGGRESSIVE;
				CLANG_WARN_UNREACHABLE_CODE = YES;
				CLANG_WARN__DUPLICATE_METHOD_MATCH = YES;
				COPY_PHASE_STRIP = NO;
				DEBUG_INFORMATION_FORMAT = dwarf;
				ENABLE_STRICT_OBJC_MSGSEND = YES;
				ENABLE_TESTABILITY = YES;
				GCC_C_LANGUAGE_STANDARD = gnu11;
				GCC_DYNAMIC_NO_PIC = NO;
				GCC_NO_COMMON_BLOCKS = YES;
				GCC_OPTIMIZATION_LEVEL = 0;
				GCC_PREPROCESSOR_DEFINITIONS = (
					"DEBUG=1",
					"$(inherited)",
				);
				GCC_WARN_64_TO_32_BIT_CONVERSION = YES;
				GCC_WARN_ABOUT_RETURN_TYPE = YES_ERROR;
				GCC_WARN_UNDECLARED_SELECTOR = YES;
				GCC_WARN_UNINITIALIZED_AUTOS = YES_AGGRESSIVE;
				GCC_WARN_UNUSED_FUNCTION = YES;
				GCC_WARN_UNUSED_VARIABLE = YES;
				IPHONEOS_DEPLOYMENT_TARGET = 13.7;
				MTL_ENABLE_DEBUG_INFO = INCLUDE_SOURCE;
				MTL_FAST_MATH = YES;
				ONLY_ACTIVE_ARCH = YES;
				SDKROOT = iphoneos;
				SWIFT_ACTIVE_COMPILATION_CONDITIONS = DEBUG;
				SWIFT_OPTIMIZATION_LEVEL = "-Onone";
			};
			name = Debug;
		};
		B7446FF52508DA9A00F968D1 /* Release */ = {
			isa = XCBuildConfiguration;
			buildSettings = {
				ALWAYS_SEARCH_USER_PATHS = NO;
				CLANG_ANALYZER_NONNULL = YES;
				CLANG_ANALYZER_NUMBER_OBJECT_CONVERSION = YES_AGGRESSIVE;
				CLANG_CXX_LANGUAGE_STANDARD = "gnu++14";
				CLANG_CXX_LIBRARY = "libc++";
				CLANG_ENABLE_MODULES = YES;
				CLANG_ENABLE_OBJC_ARC = YES;
				CLANG_ENABLE_OBJC_WEAK = YES;
				CLANG_WARN_BLOCK_CAPTURE_AUTORELEASING = YES;
				CLANG_WARN_BOOL_CONVERSION = YES;
				CLANG_WARN_COMMA = YES;
				CLANG_WARN_CONSTANT_CONVERSION = YES;
				CLANG_WARN_DEPRECATED_OBJC_IMPLEMENTATIONS = YES;
				CLANG_WARN_DIRECT_OBJC_ISA_USAGE = YES_ERROR;
				CLANG_WARN_DOCUMENTATION_COMMENTS = YES;
				CLANG_WARN_EMPTY_BODY = YES;
				CLANG_WARN_ENUM_CONVERSION = YES;
				CLANG_WARN_INFINITE_RECURSION = YES;
				CLANG_WARN_INT_CONVERSION = YES;
				CLANG_WARN_NON_LITERAL_NULL_CONVERSION = YES;
				CLANG_WARN_OBJC_IMPLICIT_RETAIN_SELF = YES;
				CLANG_WARN_OBJC_LITERAL_CONVERSION = YES;
				CLANG_WARN_OBJC_ROOT_CLASS = YES_ERROR;
				CLANG_WARN_RANGE_LOOP_ANALYSIS = YES;
				CLANG_WARN_STRICT_PROTOTYPES = YES;
				CLANG_WARN_SUSPICIOUS_MOVE = YES;
				CLANG_WARN_UNGUARDED_AVAILABILITY = YES_AGGRESSIVE;
				CLANG_WARN_UNREACHABLE_CODE = YES;
				CLANG_WARN__DUPLICATE_METHOD_MATCH = YES;
				COPY_PHASE_STRIP = NO;
				DEBUG_INFORMATION_FORMAT = "dwarf-with-dsym";
				ENABLE_NS_ASSERTIONS = NO;
				ENABLE_STRICT_OBJC_MSGSEND = YES;
				GCC_C_LANGUAGE_STANDARD = gnu11;
				GCC_NO_COMMON_BLOCKS = YES;
				GCC_WARN_64_TO_32_BIT_CONVERSION = YES;
				GCC_WARN_ABOUT_RETURN_TYPE = YES_ERROR;
				GCC_WARN_UNDECLARED_SELECTOR = YES;
				GCC_WARN_UNINITIALIZED_AUTOS = YES_AGGRESSIVE;
				GCC_WARN_UNUSED_FUNCTION = YES;
				GCC_WARN_UNUSED_VARIABLE = YES;
				IPHONEOS_DEPLOYMENT_TARGET = 13.7;
				MTL_ENABLE_DEBUG_INFO = NO;
				MTL_FAST_MATH = YES;
				SDKROOT = iphoneos;
				SWIFT_COMPILATION_MODE = wholemodule;
				SWIFT_OPTIMIZATION_LEVEL = "-O";
				VALIDATE_PRODUCT = YES;
			};
			name = Release;
		};
		B7446FF72508DA9A00F968D1 /* Debug */ = {
			isa = XCBuildConfiguration;
			baseConfigurationReference = 6316117FA0C81E0434FD443A /* Pods-InfuApp.debug.xcconfig */;
			buildSettings = {
				ASSETCATALOG_COMPILER_APPICON_NAME = AppIcon;
				CODE_SIGN_STYLE = Automatic;
				INFOPLIST_FILE = InfuApp/Info.plist;
				LD_RUNPATH_SEARCH_PATHS = (
					"$(inherited)",
					"@executable_path/Frameworks",
				);
				PRODUCT_BUNDLE_IDENTIFIER = com.alicia.InfuApp;
				PRODUCT_NAME = "$(TARGET_NAME)";
				SWIFT_VERSION = 5.0;
				TARGETED_DEVICE_FAMILY = "1,2";
			};
			name = Debug;
		};
		B7446FF82508DA9A00F968D1 /* Release */ = {
			isa = XCBuildConfiguration;
			baseConfigurationReference = 471F88E01368888FB406A014 /* Pods-InfuApp.release.xcconfig */;
			buildSettings = {
				ASSETCATALOG_COMPILER_APPICON_NAME = AppIcon;
				CODE_SIGN_STYLE = Automatic;
				INFOPLIST_FILE = InfuApp/Info.plist;
				LD_RUNPATH_SEARCH_PATHS = (
					"$(inherited)",
					"@executable_path/Frameworks",
				);
				PRODUCT_BUNDLE_IDENTIFIER = com.alicia.InfuApp;
				PRODUCT_NAME = "$(TARGET_NAME)";
				SWIFT_VERSION = 5.0;
				TARGETED_DEVICE_FAMILY = "1,2";
			};
			name = Release;
		};
/* End XCBuildConfiguration section */

/* Begin XCConfigurationList section */
		B7446FDD2508DA9700F968D1 /* Build configuration list for PBXProject "InfuApp" */ = {
			isa = XCConfigurationList;
			buildConfigurations = (
				B7446FF42508DA9A00F968D1 /* Debug */,
				B7446FF52508DA9A00F968D1 /* Release */,
			);
			defaultConfigurationIsVisible = 0;
			defaultConfigurationName = Release;
		};
		B7446FF62508DA9A00F968D1 /* Build configuration list for PBXNativeTarget "InfuApp" */ = {
			isa = XCConfigurationList;
			buildConfigurations = (
				B7446FF72508DA9A00F968D1 /* Debug */,
				B7446FF82508DA9A00F968D1 /* Release */,
			);
			defaultConfigurationIsVisible = 0;
			defaultConfigurationName = Release;
		};
/* End XCConfigurationList section */
	};
	rootObject = B7446FDA2508DA9700F968D1 /* Project object */;
}
